// !$*UTF8*$!
{
	archiveVersion = 1;
	classes = {
	};
	objectVersion = 46;
	objects = {

/* Begin PBXBuildFile section */
		101DD3241DF684760075F2E1 /* ImageScrollView.swift in Sources */ = {isa = PBXBuildFile; fileRef = 101DD3231DF684760075F2E1 /* ImageScrollView.swift */; };
		102D9C111DE147BF00E8232A /* Utilities.swift in Sources */ = {isa = PBXBuildFile; fileRef = 102D9C101DE147BF00E8232A /* Utilities.swift */; };
		103215871DD2D6D100186704 /* StoresViewController.swift in Sources */ = {isa = PBXBuildFile; fileRef = 103215861DD2D6D100186704 /* StoresViewController.swift */; };
		103215891DD2D8AD00186704 /* ListViewController.swift in Sources */ = {isa = PBXBuildFile; fileRef = 103215881DD2D8AD00186704 /* ListViewController.swift */; };
		1032158B1DD2D8C100186704 /* PaymentsViewController.swift in Sources */ = {isa = PBXBuildFile; fileRef = 1032158A1DD2D8C100186704 /* PaymentsViewController.swift */; };
		1032158D1DD2D99200186704 /* ProfileViewController.swift in Sources */ = {isa = PBXBuildFile; fileRef = 1032158C1DD2D99200186704 /* ProfileViewController.swift */; };
		103215911DD2DB9600186704 /* Receipt.swift in Sources */ = {isa = PBXBuildFile; fileRef = 103215901DD2DB9600186704 /* Receipt.swift */; };
		103215931DD2DBDA00186704 /* User.swift in Sources */ = {isa = PBXBuildFile; fileRef = 103215921DD2DBDA00186704 /* User.swift */; };
		103215971DD2E0FA00186704 /* Review.swift in Sources */ = {isa = PBXBuildFile; fileRef = 103215961DD2E0FA00186704 /* Review.swift */; };
		103215991DD2F2DE00186704 /* HistoryViewController.swift in Sources */ = {isa = PBXBuildFile; fileRef = 103215981DD2F2DE00186704 /* HistoryViewController.swift */; };
		1032159B1DD2F7B200186704 /* TabViewController.swift in Sources */ = {isa = PBXBuildFile; fileRef = 1032159A1DD2F7B200186704 /* TabViewController.swift */; };
		1057DECB1DD91510001203D2 /* ProductCell.swift in Sources */ = {isa = PBXBuildFile; fileRef = 1057DECA1DD91510001203D2 /* ProductCell.swift */; };
		106C3F501DE8329E00CE9E7C /* Common.swift in Sources */ = {isa = PBXBuildFile; fileRef = 106C3F4F1DE8329E00CE9E7C /* Common.swift */; };
		10C4F29D1DF4D183006E51FD /* ProductDetailsViewController.swift in Sources */ = {isa = PBXBuildFile; fileRef = 10C4F29C1DF4D183006E51FD /* ProductDetailsViewController.swift */; };
		222FD6831DF6B25A00B75B80 /* HistoryProductCell.swift in Sources */ = {isa = PBXBuildFile; fileRef = 222FD6821DF6B25A00B75B80 /* HistoryProductCell.swift */; };
		223A663D1DDA6C330075DBB5 /* LoginViewController.swift in Sources */ = {isa = PBXBuildFile; fileRef = 223A663C1DDA6C330075DBB5 /* LoginViewController.swift */; };
		22511A391DF4D40A009BD9CB /* ReviewsViewController.swift in Sources */ = {isa = PBXBuildFile; fileRef = 22511A381DF4D40A009BD9CB /* ReviewsViewController.swift */; };
		22511A3B1DF4D9AB009BD9CB /* ReviewCell.swift in Sources */ = {isa = PBXBuildFile; fileRef = 22511A3A1DF4D9AB009BD9CB /* ReviewCell.swift */; };
		22C6B5FB1DF529AB00B37024 /* ReceiptHistoryViewController.swift in Sources */ = {isa = PBXBuildFile; fileRef = 22C6B5FA1DF529AB00B37024 /* ReceiptHistoryViewController.swift */; };
		7F12DF881DDB9F09003C78C6 /* Reviews.xib in Resources */ = {isa = PBXBuildFile; fileRef = 7F12DF871DDB9F09003C78C6 /* Reviews.xib */; };
		7F12DF8A1DDB9F5D003C78C6 /* Reviews.swift in Sources */ = {isa = PBXBuildFile; fileRef = 7F12DF891DDB9F5D003C78C6 /* Reviews.swift */; };
		7F12DF8D1DDBA98A003C78C6 /* SearchUpcClient.swift in Sources */ = {isa = PBXBuildFile; fileRef = 7F12DF8C1DDBA98A003C78C6 /* SearchUpcClient.swift */; };
		7F28EEFD1DD10EDE0084410B /* AppDelegate.swift in Sources */ = {isa = PBXBuildFile; fileRef = 7F28EEFC1DD10EDE0084410B /* AppDelegate.swift */; };
		7F28EF021DD10EDE0084410B /* Main.storyboard in Resources */ = {isa = PBXBuildFile; fileRef = 7F28EF001DD10EDE0084410B /* Main.storyboard */; };
		7F28EF071DD10EDE0084410B /* LaunchScreen.storyboard in Resources */ = {isa = PBXBuildFile; fileRef = 7F28EF051DD10EDE0084410B /* LaunchScreen.storyboard */; };
		7F28EF111DD1155A0084410B /* WalmartClient.swift in Sources */ = {isa = PBXBuildFile; fileRef = 7F28EF101DD1155A0084410B /* WalmartClient.swift */; };
		7F828CDF1DFB523F0026F8C8 /* FiltersViewController.swift in Sources */ = {isa = PBXBuildFile; fileRef = 7F828CDE1DFB523F0026F8C8 /* FiltersViewController.swift */; };
		7F828CE11DFB581B0026F8C8 /* FiltersSectionHeader.xib in Resources */ = {isa = PBXBuildFile; fileRef = 7F828CE01DFB581B0026F8C8 /* FiltersSectionHeader.xib */; };
		7F828CE31DFB586E0026F8C8 /* FiltersTableViewCell.swift in Sources */ = {isa = PBXBuildFile; fileRef = 7F828CE21DFB586E0026F8C8 /* FiltersTableViewCell.swift */; };
		7F828CE51DFB5BC80026F8C8 /* FilterTableViewCell.swift in Sources */ = {isa = PBXBuildFile; fileRef = 7F828CE41DFB5BC80026F8C8 /* FilterTableViewCell.swift */; };
		7F9515831DE41417001EC1D5 /* StarshipHeader.xib in Resources */ = {isa = PBXBuildFile; fileRef = 7F9515821DE41417001EC1D5 /* StarshipHeader.xib */; };
		7F9515851DE414CD001EC1D5 /* Assets.xcassets in Resources */ = {isa = PBXBuildFile; fileRef = 7F9515841DE414CD001EC1D5 /* Assets.xcassets */; };
		7F9515871DE416F6001EC1D5 /* CustomHeader.swift in Sources */ = {isa = PBXBuildFile; fileRef = 7F9515861DE416F6001EC1D5 /* CustomHeader.swift */; };
		7F9515891DE4D88F001EC1D5 /* ThemeManager.swift in Sources */ = {isa = PBXBuildFile; fileRef = 7F9515881DE4D88F001EC1D5 /* ThemeManager.swift */; };
		7F95158B1DE50D23001EC1D5 /* OptionCell.swift in Sources */ = {isa = PBXBuildFile; fileRef = 7F95158A1DE50D23001EC1D5 /* OptionCell.swift */; };
		7F95158D1DE5473A001EC1D5 /* ShopViewController.swift in Sources */ = {isa = PBXBuildFile; fileRef = 7F95158C1DE5473A001EC1D5 /* ShopViewController.swift */; };
		7F9515911DE6281C001EC1D5 /* ProductOverviewCell.swift in Sources */ = {isa = PBXBuildFile; fileRef = 7F9515901DE6281C001EC1D5 /* ProductOverviewCell.swift */; };
		7FB7D1A31DE1A196005E35F5 /* ReceiptCell.swift in Sources */ = {isa = PBXBuildFile; fileRef = 7FB7D1A21DE1A196005E35F5 /* ReceiptCell.swift */; };
		7FF055F61DD126BD00434F2A /* Product.swift in Sources */ = {isa = PBXBuildFile; fileRef = 7FF055F51DD126BD00434F2A /* Product.swift */; };
		7FF055FA1DD13A4F00434F2A /* ScanViewController.swift in Sources */ = {isa = PBXBuildFile; fileRef = 7FF055F91DD13A4F00434F2A /* ScanViewController.swift */; };
		7FF055FC1DD2DD1300434F2A /* Store.swift in Sources */ = {isa = PBXBuildFile; fileRef = 7FF055FB1DD2DD1200434F2A /* Store.swift */; };
		ACC6C9429712F28ADED566B4 /* Pods_FastCart.framework in Frameworks */ = {isa = PBXBuildFile; fileRef = 833877CC0F35B9D2BDECA1A2 /* Pods_FastCart.framework */; };
/* End PBXBuildFile section */

/* Begin PBXFileReference section */
		101DD3231DF684760075F2E1 /* ImageScrollView.swift */ = {isa = PBXFileReference; fileEncoding = 4; lastKnownFileType = sourcecode.swift; path = ImageScrollView.swift; sourceTree = "<group>"; };
		102D9C101DE147BF00E8232A /* Utilities.swift */ = {isa = PBXFileReference; fileEncoding = 4; lastKnownFileType = sourcecode.swift; path = Utilities.swift; sourceTree = "<group>"; };
		103215861DD2D6D100186704 /* StoresViewController.swift */ = {isa = PBXFileReference; fileEncoding = 4; lastKnownFileType = sourcecode.swift; path = StoresViewController.swift; sourceTree = "<group>"; };
		103215881DD2D8AD00186704 /* ListViewController.swift */ = {isa = PBXFileReference; fileEncoding = 4; lastKnownFileType = sourcecode.swift; path = ListViewController.swift; sourceTree = "<group>"; };
		1032158A1DD2D8C100186704 /* PaymentsViewController.swift */ = {isa = PBXFileReference; fileEncoding = 4; lastKnownFileType = sourcecode.swift; path = PaymentsViewController.swift; sourceTree = "<group>"; };
		1032158C1DD2D99200186704 /* ProfileViewController.swift */ = {isa = PBXFileReference; fileEncoding = 4; lastKnownFileType = sourcecode.swift; path = ProfileViewController.swift; sourceTree = "<group>"; };
		103215901DD2DB9600186704 /* Receipt.swift */ = {isa = PBXFileReference; fileEncoding = 4; lastKnownFileType = sourcecode.swift; path = Receipt.swift; sourceTree = "<group>"; };
		103215921DD2DBDA00186704 /* User.swift */ = {isa = PBXFileReference; fileEncoding = 4; lastKnownFileType = sourcecode.swift; path = User.swift; sourceTree = "<group>"; };
		103215961DD2E0FA00186704 /* Review.swift */ = {isa = PBXFileReference; fileEncoding = 4; lastKnownFileType = sourcecode.swift; path = Review.swift; sourceTree = "<group>"; };
		103215981DD2F2DE00186704 /* HistoryViewController.swift */ = {isa = PBXFileReference; fileEncoding = 4; lastKnownFileType = sourcecode.swift; path = HistoryViewController.swift; sourceTree = "<group>"; };
		1032159A1DD2F7B200186704 /* TabViewController.swift */ = {isa = PBXFileReference; fileEncoding = 4; lastKnownFileType = sourcecode.swift; path = TabViewController.swift; sourceTree = "<group>"; };
		1057DECA1DD91510001203D2 /* ProductCell.swift */ = {isa = PBXFileReference; fileEncoding = 4; lastKnownFileType = sourcecode.swift; path = ProductCell.swift; sourceTree = "<group>"; };
		106C3F4F1DE8329E00CE9E7C /* Common.swift */ = {isa = PBXFileReference; fileEncoding = 4; lastKnownFileType = sourcecode.swift; path = Common.swift; sourceTree = "<group>"; };
		10C4F29C1DF4D183006E51FD /* ProductDetailsViewController.swift */ = {isa = PBXFileReference; fileEncoding = 4; lastKnownFileType = sourcecode.swift; path = ProductDetailsViewController.swift; sourceTree = "<group>"; };
		1761A94582A6D1D68D3F8141 /* Pods-FastCart.release.xcconfig */ = {isa = PBXFileReference; includeInIndex = 1; lastKnownFileType = text.xcconfig; name = "Pods-FastCart.release.xcconfig"; path = "Pods/Target Support Files/Pods-FastCart/Pods-FastCart.release.xcconfig"; sourceTree = "<group>"; };
		222FD6821DF6B25A00B75B80 /* HistoryProductCell.swift */ = {isa = PBXFileReference; fileEncoding = 4; lastKnownFileType = sourcecode.swift; path = HistoryProductCell.swift; sourceTree = "<group>"; };
		223A663C1DDA6C330075DBB5 /* LoginViewController.swift */ = {isa = PBXFileReference; fileEncoding = 4; lastKnownFileType = sourcecode.swift; path = LoginViewController.swift; sourceTree = "<group>"; };
		223A663E1DDA6D010075DBB5 /* FastCart.entitlements */ = {isa = PBXFileReference; lastKnownFileType = text.plist.entitlements; path = FastCart.entitlements; sourceTree = "<group>"; };
		22511A381DF4D40A009BD9CB /* ReviewsViewController.swift */ = {isa = PBXFileReference; fileEncoding = 4; lastKnownFileType = sourcecode.swift; path = ReviewsViewController.swift; sourceTree = "<group>"; };
		22511A3A1DF4D9AB009BD9CB /* ReviewCell.swift */ = {isa = PBXFileReference; fileEncoding = 4; lastKnownFileType = sourcecode.swift; path = ReviewCell.swift; sourceTree = "<group>"; };
		22C6B5FA1DF529AB00B37024 /* ReceiptHistoryViewController.swift */ = {isa = PBXFileReference; fileEncoding = 4; lastKnownFileType = sourcecode.swift; path = ReceiptHistoryViewController.swift; sourceTree = "<group>"; };
		7F12DF871DDB9F09003C78C6 /* Reviews.xib */ = {isa = PBXFileReference; fileEncoding = 4; lastKnownFileType = file.xib; path = Reviews.xib; sourceTree = "<group>"; };
		7F12DF891DDB9F5D003C78C6 /* Reviews.swift */ = {isa = PBXFileReference; fileEncoding = 4; lastKnownFileType = sourcecode.swift; path = Reviews.swift; sourceTree = "<group>"; };
		7F12DF8C1DDBA98A003C78C6 /* SearchUpcClient.swift */ = {isa = PBXFileReference; fileEncoding = 4; lastKnownFileType = sourcecode.swift; path = SearchUpcClient.swift; sourceTree = "<group>"; };
		7F28EEF91DD10EDE0084410B /* FastCart.app */ = {isa = PBXFileReference; explicitFileType = wrapper.application; includeInIndex = 0; path = FastCart.app; sourceTree = BUILT_PRODUCTS_DIR; };
		7F28EEFC1DD10EDE0084410B /* AppDelegate.swift */ = {isa = PBXFileReference; lastKnownFileType = sourcecode.swift; path = AppDelegate.swift; sourceTree = "<group>"; };
		7F28EF011DD10EDE0084410B /* Base */ = {isa = PBXFileReference; lastKnownFileType = file.storyboard; name = Base; path = Base.lproj/Main.storyboard; sourceTree = "<group>"; };
		7F28EF061DD10EDE0084410B /* Base */ = {isa = PBXFileReference; lastKnownFileType = file.storyboard; name = Base; path = Base.lproj/LaunchScreen.storyboard; sourceTree = "<group>"; };
		7F28EF081DD10EDE0084410B /* Info.plist */ = {isa = PBXFileReference; lastKnownFileType = text.plist.xml; path = Info.plist; sourceTree = "<group>"; };
		7F28EF101DD1155A0084410B /* WalmartClient.swift */ = {isa = PBXFileReference; fileEncoding = 4; lastKnownFileType = sourcecode.swift; path = WalmartClient.swift; sourceTree = "<group>"; };
		7F828CDE1DFB523F0026F8C8 /* FiltersViewController.swift */ = {isa = PBXFileReference; fileEncoding = 4; lastKnownFileType = sourcecode.swift; path = FiltersViewController.swift; sourceTree = "<group>"; };
		7F828CE01DFB581B0026F8C8 /* FiltersSectionHeader.xib */ = {isa = PBXFileReference; fileEncoding = 4; lastKnownFileType = file.xib; path = FiltersSectionHeader.xib; sourceTree = "<group>"; };
		7F828CE21DFB586E0026F8C8 /* FiltersTableViewCell.swift */ = {isa = PBXFileReference; fileEncoding = 4; lastKnownFileType = sourcecode.swift; path = FiltersTableViewCell.swift; sourceTree = "<group>"; };
		7F828CE41DFB5BC80026F8C8 /* FilterTableViewCell.swift */ = {isa = PBXFileReference; fileEncoding = 4; lastKnownFileType = sourcecode.swift; path = FilterTableViewCell.swift; sourceTree = "<group>"; };
		7F9515821DE41417001EC1D5 /* StarshipHeader.xib */ = {isa = PBXFileReference; fileEncoding = 4; lastKnownFileType = file.xib; path = StarshipHeader.xib; sourceTree = "<group>"; };
		7F9515841DE414CD001EC1D5 /* Assets.xcassets */ = {isa = PBXFileReference; lastKnownFileType = folder.assetcatalog; path = Assets.xcassets; sourceTree = "<group>"; };
		7F9515861DE416F6001EC1D5 /* CustomHeader.swift */ = {isa = PBXFileReference; fileEncoding = 4; lastKnownFileType = sourcecode.swift; path = CustomHeader.swift; sourceTree = "<group>"; };
		7F9515881DE4D88F001EC1D5 /* ThemeManager.swift */ = {isa = PBXFileReference; fileEncoding = 4; lastKnownFileType = sourcecode.swift; path = ThemeManager.swift; sourceTree = "<group>"; };
		7F95158A1DE50D23001EC1D5 /* OptionCell.swift */ = {isa = PBXFileReference; fileEncoding = 4; lastKnownFileType = sourcecode.swift; path = OptionCell.swift; sourceTree = "<group>"; };
		7F95158C1DE5473A001EC1D5 /* ShopViewController.swift */ = {isa = PBXFileReference; fileEncoding = 4; lastKnownFileType = sourcecode.swift; path = ShopViewController.swift; sourceTree = "<group>"; };
		7F9515901DE6281C001EC1D5 /* ProductOverviewCell.swift */ = {isa = PBXFileReference; fileEncoding = 4; lastKnownFileType = sourcecode.swift; path = ProductOverviewCell.swift; sourceTree = "<group>"; };
		7FB7D1A21DE1A196005E35F5 /* ReceiptCell.swift */ = {isa = PBXFileReference; fileEncoding = 4; lastKnownFileType = sourcecode.swift; path = ReceiptCell.swift; sourceTree = "<group>"; };
		7FF055F51DD126BD00434F2A /* Product.swift */ = {isa = PBXFileReference; fileEncoding = 4; lastKnownFileType = sourcecode.swift; path = Product.swift; sourceTree = "<group>"; };
		7FF055F91DD13A4F00434F2A /* ScanViewController.swift */ = {isa = PBXFileReference; fileEncoding = 4; lastKnownFileType = sourcecode.swift; path = ScanViewController.swift; sourceTree = "<group>"; };
		7FF055FB1DD2DD1200434F2A /* Store.swift */ = {isa = PBXFileReference; fileEncoding = 4; lastKnownFileType = sourcecode.swift; path = Store.swift; sourceTree = "<group>"; };
		833877CC0F35B9D2BDECA1A2 /* Pods_FastCart.framework */ = {isa = PBXFileReference; explicitFileType = wrapper.framework; includeInIndex = 0; path = Pods_FastCart.framework; sourceTree = BUILT_PRODUCTS_DIR; };
		DEE2BE5F8F8264E6EAC8AD4F /* Pods-FastCart.debug.xcconfig */ = {isa = PBXFileReference; includeInIndex = 1; lastKnownFileType = text.xcconfig; name = "Pods-FastCart.debug.xcconfig"; path = "Pods/Target Support Files/Pods-FastCart/Pods-FastCart.debug.xcconfig"; sourceTree = "<group>"; };
/* End PBXFileReference section */

/* Begin PBXFrameworksBuildPhase section */
		7F28EEF61DD10EDE0084410B /* Frameworks */ = {
			isa = PBXFrameworksBuildPhase;
			buildActionMask = 2147483647;
			files = (
				ACC6C9429712F28ADED566B4 /* Pods_FastCart.framework in Frameworks */,
			);
			runOnlyForDeploymentPostprocessing = 0;
		};
/* End PBXFrameworksBuildPhase section */

/* Begin PBXGroup section */
		102D9C0F1DE147A300E8232A /* Utilities */ = {
			isa = PBXGroup;
			children = (
				102D9C101DE147BF00E8232A /* Utilities.swift */,
				106C3F4F1DE8329E00CE9E7C /* Common.swift */,
			);
			name = Utilities;
			sourceTree = "<group>";
		};
		103215851DD2D6A400186704 /* ViewControllers */ = {
			isa = PBXGroup;
			children = (
				10C4F29C1DF4D183006E51FD /* ProductDetailsViewController.swift */,
				7FF055F91DD13A4F00434F2A /* ScanViewController.swift */,
				103215861DD2D6D100186704 /* StoresViewController.swift */,
				103215881DD2D8AD00186704 /* ListViewController.swift */,
				1032158A1DD2D8C100186704 /* PaymentsViewController.swift */,
				1032158C1DD2D99200186704 /* ProfileViewController.swift */,
				103215981DD2F2DE00186704 /* HistoryViewController.swift */,
				1032159A1DD2F7B200186704 /* TabViewController.swift */,
				223A663C1DDA6C330075DBB5 /* LoginViewController.swift */,
				7F95158C1DE5473A001EC1D5 /* ShopViewController.swift */,
				22511A381DF4D40A009BD9CB /* ReviewsViewController.swift */,
				22C6B5FA1DF529AB00B37024 /* ReceiptHistoryViewController.swift */,
				7F828CDE1DFB523F0026F8C8 /* FiltersViewController.swift */,
			);
			name = ViewControllers;
			sourceTree = "<group>";
		};
		1057DEC91DD914ED001203D2 /* Views */ = {
			isa = PBXGroup;
			children = (
				7F9515861DE416F6001EC1D5 /* CustomHeader.swift */,
				7F12DF891DDB9F5D003C78C6 /* Reviews.swift */,
				7F95158A1DE50D23001EC1D5 /* OptionCell.swift */,
				1057DECA1DD91510001203D2 /* ProductCell.swift */,
				7FB7D1A21DE1A196005E35F5 /* ReceiptCell.swift */,
				7F9515901DE6281C001EC1D5 /* ProductOverviewCell.swift */,
				22511A3A1DF4D9AB009BD9CB /* ReviewCell.swift */,
				101DD3231DF684760075F2E1 /* ImageScrollView.swift */,
				222FD6821DF6B25A00B75B80 /* HistoryProductCell.swift */,
				7F828CE01DFB581B0026F8C8 /* FiltersSectionHeader.xib */,
				7F828CE21DFB586E0026F8C8 /* FiltersTableViewCell.swift */,
				7F828CE41DFB5BC80026F8C8 /* FilterTableViewCell.swift */,
			);
			name = Views;
			sourceTree = "<group>";
		};
		3A92C2690D7B7CC3A6AA979D /* Pods */ = {
			isa = PBXGroup;
			children = (
				DEE2BE5F8F8264E6EAC8AD4F /* Pods-FastCart.debug.xcconfig */,
				1761A94582A6D1D68D3F8141 /* Pods-FastCart.release.xcconfig */,
			);
			name = Pods;
			sourceTree = "<group>";
		};
		7F28EEF01DD10EDE0084410B = {
			isa = PBXGroup;
			children = (
				7F28EEFB1DD10EDE0084410B /* FastCart */,
				7F28EEFA1DD10EDE0084410B /* Products */,
				3A92C2690D7B7CC3A6AA979D /* Pods */,
				9129DDD6489237B1CAB1B608 /* Frameworks */,
			);
			sourceTree = "<group>";
		};
		7F28EEFA1DD10EDE0084410B /* Products */ = {
			isa = PBXGroup;
			children = (
				7F28EEF91DD10EDE0084410B /* FastCart.app */,
			);
			name = Products;
			sourceTree = "<group>";
		};
		7F28EEFB1DD10EDE0084410B /* FastCart */ = {
			isa = PBXGroup;
			children = (
				7F9515841DE414CD001EC1D5 /* Assets.xcassets */,
				102D9C0F1DE147A300E8232A /* Utilities */,
				223A663E1DDA6D010075DBB5 /* FastCart.entitlements */,
				1057DEC91DD914ED001203D2 /* Views */,
				103215851DD2D6A400186704 /* ViewControllers */,
				7FF055F41DD1268000434F2A /* Models */,
				7F28EF0F1DD114E70084410B /* API */,
				7F28EEFC1DD10EDE0084410B /* AppDelegate.swift */,
				7F9515881DE4D88F001EC1D5 /* ThemeManager.swift */,
				7F28EF001DD10EDE0084410B /* Main.storyboard */,
				7F9515821DE41417001EC1D5 /* StarshipHeader.xib */,
				7F12DF871DDB9F09003C78C6 /* Reviews.xib */,
				7F28EF051DD10EDE0084410B /* LaunchScreen.storyboard */,
				7F28EF081DD10EDE0084410B /* Info.plist */,
			);
			path = FastCart;
			sourceTree = "<group>";
		};
		7F28EF0F1DD114E70084410B /* API */ = {
			isa = PBXGroup;
			children = (
				7F28EF101DD1155A0084410B /* WalmartClient.swift */,
				7F12DF8C1DDBA98A003C78C6 /* SearchUpcClient.swift */,
			);
			name = API;
			sourceTree = "<group>";
		};
		7FF055F41DD1268000434F2A /* Models */ = {
			isa = PBXGroup;
			children = (
				7FF055F51DD126BD00434F2A /* Product.swift */,
				103215901DD2DB9600186704 /* Receipt.swift */,
				103215921DD2DBDA00186704 /* User.swift */,
				103215961DD2E0FA00186704 /* Review.swift */,
				7FF055FB1DD2DD1200434F2A /* Store.swift */,
			);
			name = Models;
			sourceTree = "<group>";
		};
		9129DDD6489237B1CAB1B608 /* Frameworks */ = {
			isa = PBXGroup;
			children = (
				833877CC0F35B9D2BDECA1A2 /* Pods_FastCart.framework */,
			);
			name = Frameworks;
			sourceTree = "<group>";
		};
/* End PBXGroup section */

/* Begin PBXNativeTarget section */
		7F28EEF81DD10EDE0084410B /* FastCart */ = {
			isa = PBXNativeTarget;
			buildConfigurationList = 7F28EF0B1DD10EDE0084410B /* Build configuration list for PBXNativeTarget "FastCart" */;
			buildPhases = (
				7FED3519A0983DA82D8DAC71 /* [CP] Check Pods Manifest.lock */,
				7F28EEF51DD10EDE0084410B /* Sources */,
				7F28EEF61DD10EDE0084410B /* Frameworks */,
				7F28EEF71DD10EDE0084410B /* Resources */,
				E0A451CD58AF9A7FCBCA3D80 /* [CP] Embed Pods Frameworks */,
				31C8EF3694BDA5A3B6712D78 /* [CP] Copy Pods Resources */,
			);
			buildRules = (
			);
			dependencies = (
			);
			name = FastCart;
			productName = FastCart;
			productReference = 7F28EEF91DD10EDE0084410B /* FastCart.app */;
			productType = "com.apple.product-type.application";
		};
/* End PBXNativeTarget section */

/* Begin PBXProject section */
		7F28EEF11DD10EDE0084410B /* Project object */ = {
			isa = PBXProject;
			attributes = {
				LastSwiftUpdateCheck = 0810;
				LastUpgradeCheck = 0810;
				ORGANIZATIONNAME = LemonBunny;
				TargetAttributes = {
					7F28EEF81DD10EDE0084410B = {
						CreatedOnToolsVersion = 8.1;
						DevelopmentTeam = J87Z56BB74;
						LastSwiftMigration = 0810;
						ProvisioningStyle = Automatic;
						SystemCapabilities = {
							com.apple.Keychain = {
								enabled = 1;
							};
						};
					};
				};
			};
			buildConfigurationList = 7F28EEF41DD10EDE0084410B /* Build configuration list for PBXProject "FastCart" */;
			compatibilityVersion = "Xcode 3.2";
			developmentRegion = English;
			hasScannedForEncodings = 0;
			knownRegions = (
				en,
				Base,
			);
			mainGroup = 7F28EEF01DD10EDE0084410B;
			productRefGroup = 7F28EEFA1DD10EDE0084410B /* Products */;
			projectDirPath = "";
			projectRoot = "";
			targets = (
				7F28EEF81DD10EDE0084410B /* FastCart */,
			);
		};
/* End PBXProject section */

/* Begin PBXResourcesBuildPhase section */
		7F28EEF71DD10EDE0084410B /* Resources */ = {
			isa = PBXResourcesBuildPhase;
			buildActionMask = 2147483647;
			files = (
				7F28EF071DD10EDE0084410B /* LaunchScreen.storyboard in Resources */,
				7F12DF881DDB9F09003C78C6 /* Reviews.xib in Resources */,
				7F828CE11DFB581B0026F8C8 /* FiltersSectionHeader.xib in Resources */,
				7F9515831DE41417001EC1D5 /* StarshipHeader.xib in Resources */,
				7F28EF021DD10EDE0084410B /* Main.storyboard in Resources */,
				7F9515851DE414CD001EC1D5 /* Assets.xcassets in Resources */,
			);
			runOnlyForDeploymentPostprocessing = 0;
		};
/* End PBXResourcesBuildPhase section */

/* Begin PBXShellScriptBuildPhase section */
		31C8EF3694BDA5A3B6712D78 /* [CP] Copy Pods Resources */ = {
			isa = PBXShellScriptBuildPhase;
			buildActionMask = 2147483647;
			files = (
			);
			inputPaths = (
			);
			name = "[CP] Copy Pods Resources";
			outputPaths = (
			);
			runOnlyForDeploymentPostprocessing = 0;
			shellPath = /bin/sh;
			shellScript = "\"${SRCROOT}/Pods/Target Support Files/Pods-FastCart/Pods-FastCart-resources.sh\"\n";
			showEnvVarsInLog = 0;
		};
		7FED3519A0983DA82D8DAC71 /* [CP] Check Pods Manifest.lock */ = {
			isa = PBXShellScriptBuildPhase;
			buildActionMask = 2147483647;
			files = (
			);
			inputPaths = (
			);
			name = "[CP] Check Pods Manifest.lock";
			outputPaths = (
			);
			runOnlyForDeploymentPostprocessing = 0;
			shellPath = /bin/sh;
			shellScript = "diff \"${PODS_ROOT}/../Podfile.lock\" \"${PODS_ROOT}/Manifest.lock\" > /dev/null\nif [ $? != 0 ] ; then\n    # print error to STDERR\n    echo \"error: The sandbox is not in sync with the Podfile.lock. Run 'pod install' or update your CocoaPods installation.\" >&2\n    exit 1\nfi\n";
			showEnvVarsInLog = 0;
		};
		E0A451CD58AF9A7FCBCA3D80 /* [CP] Embed Pods Frameworks */ = {
			isa = PBXShellScriptBuildPhase;
			buildActionMask = 2147483647;
			files = (
			);
			inputPaths = (
			);
			name = "[CP] Embed Pods Frameworks";
			outputPaths = (
			);
			runOnlyForDeploymentPostprocessing = 0;
			shellPath = /bin/sh;
			shellScript = "\"${SRCROOT}/Pods/Target Support Files/Pods-FastCart/Pods-FastCart-frameworks.sh\"\n";
			showEnvVarsInLog = 0;
		};
/* End PBXShellScriptBuildPhase section */

/* Begin PBXSourcesBuildPhase section */
		7F28EEF51DD10EDE0084410B /* Sources */ = {
			isa = PBXSourcesBuildPhase;
			buildActionMask = 2147483647;
			files = (
				7F9515911DE6281C001EC1D5 /* ProductOverviewCell.swift in Sources */,
				22511A3B1DF4D9AB009BD9CB /* ReviewCell.swift in Sources */,
				22C6B5FB1DF529AB00B37024 /* ReceiptHistoryViewController.swift in Sources */,
				7F828CE31DFB586E0026F8C8 /* FiltersTableViewCell.swift in Sources */,
				103215891DD2D8AD00186704 /* ListViewController.swift in Sources */,
				7F12DF8A1DDB9F5D003C78C6 /* Reviews.swift in Sources */,
				102D9C111DE147BF00E8232A /* Utilities.swift in Sources */,
				103215871DD2D6D100186704 /* StoresViewController.swift in Sources */,
				10C4F29D1DF4D183006E51FD /* ProductDetailsViewController.swift in Sources */,
				7FF055FC1DD2DD1300434F2A /* Store.swift in Sources */,
				7F28EF111DD1155A0084410B /* WalmartClient.swift in Sources */,
				223A663D1DDA6C330075DBB5 /* LoginViewController.swift in Sources */,
				7F9515891DE4D88F001EC1D5 /* ThemeManager.swift in Sources */,
				7FF055F61DD126BD00434F2A /* Product.swift in Sources */,
				222FD6831DF6B25A00B75B80 /* HistoryProductCell.swift in Sources */,
				7F28EEFD1DD10EDE0084410B /* AppDelegate.swift in Sources */,
				103215991DD2F2DE00186704 /* HistoryViewController.swift in Sources */,
				1032158D1DD2D99200186704 /* ProfileViewController.swift in Sources */,
				7F12DF8D1DDBA98A003C78C6 /* SearchUpcClient.swift in Sources */,
				7F828CE51DFB5BC80026F8C8 /* FilterTableViewCell.swift in Sources */,
				7FB7D1A31DE1A196005E35F5 /* ReceiptCell.swift in Sources */,
				103215911DD2DB9600186704 /* Receipt.swift in Sources */,
				106C3F501DE8329E00CE9E7C /* Common.swift in Sources */,
				7F95158B1DE50D23001EC1D5 /* OptionCell.swift in Sources */,
				103215971DD2E0FA00186704 /* Review.swift in Sources */,
				22511A391DF4D40A009BD9CB /* ReviewsViewController.swift in Sources */,
				7F9515871DE416F6001EC1D5 /* CustomHeader.swift in Sources */,
				7F95158D1DE5473A001EC1D5 /* ShopViewController.swift in Sources */,
				1032159B1DD2F7B200186704 /* TabViewController.swift in Sources */,
				103215931DD2DBDA00186704 /* User.swift in Sources */,
				7FF055FA1DD13A4F00434F2A /* ScanViewController.swift in Sources */,
				1057DECB1DD91510001203D2 /* ProductCell.swift in Sources */,
				101DD3241DF684760075F2E1 /* ImageScrollView.swift in Sources */,
				7F828CDF1DFB523F0026F8C8 /* FiltersViewController.swift in Sources */,
				1032158B1DD2D8C100186704 /* PaymentsViewController.swift in Sources */,
			);
			runOnlyForDeploymentPostprocessing = 0;
		};
/* End PBXSourcesBuildPhase section */

/* Begin PBXVariantGroup section */
		7F28EF001DD10EDE0084410B /* Main.storyboard */ = {
			isa = PBXVariantGroup;
			children = (
				7F28EF011DD10EDE0084410B /* Base */,
			);
			name = Main.storyboard;
			sourceTree = "<group>";
		};
		7F28EF051DD10EDE0084410B /* LaunchScreen.storyboard */ = {
			isa = PBXVariantGroup;
			children = (
				7F28EF061DD10EDE0084410B /* Base */,
			);
			name = LaunchScreen.storyboard;
			sourceTree = "<group>";
		};
/* End PBXVariantGroup section */

/* Begin XCBuildConfiguration section */
		7F28EF091DD10EDE0084410B /* Debug */ = {
			isa = XCBuildConfiguration;
			buildSettings = {
				ALWAYS_SEARCH_USER_PATHS = NO;
				CLANG_ANALYZER_NONNULL = YES;
				CLANG_CXX_LANGUAGE_STANDARD = "gnu++0x";
				CLANG_CXX_LIBRARY = "libc++";
				CLANG_ENABLE_MODULES = YES;
				CLANG_ENABLE_OBJC_ARC = YES;
				CLANG_WARN_BOOL_CONVERSION = YES;
				CLANG_WARN_CONSTANT_CONVERSION = YES;
				CLANG_WARN_DIRECT_OBJC_ISA_USAGE = YES_ERROR;
				CLANG_WARN_DOCUMENTATION_COMMENTS = YES;
				CLANG_WARN_EMPTY_BODY = YES;
				CLANG_WARN_ENUM_CONVERSION = YES;
				CLANG_WARN_INFINITE_RECURSION = YES;
				CLANG_WARN_INT_CONVERSION = YES;
				CLANG_WARN_OBJC_ROOT_CLASS = YES_ERROR;
				CLANG_WARN_SUSPICIOUS_MOVE = YES;
				CLANG_WARN_SUSPICIOUS_MOVES = YES;
				CLANG_WARN_UNREACHABLE_CODE = YES;
				CLANG_WARN__DUPLICATE_METHOD_MATCH = YES;
				"CODE_SIGN_IDENTITY[sdk=iphoneos*]" = "iPhone Developer";
				COPY_PHASE_STRIP = NO;
				DEBUG_INFORMATION_FORMAT = dwarf;
				ENABLE_STRICT_OBJC_MSGSEND = YES;
				ENABLE_TESTABILITY = YES;
				GCC_C_LANGUAGE_STANDARD = gnu99;
				GCC_DYNAMIC_NO_PIC = NO;
				GCC_NO_COMMON_BLOCKS = YES;
				GCC_OPTIMIZATION_LEVEL = 0;
				GCC_PREPROCESSOR_DEFINITIONS = (
					"DEBUG=1",
					"$(inherited)",
				);
				GCC_WARN_64_TO_32_BIT_CONVERSION = YES;
				GCC_WARN_ABOUT_RETURN_TYPE = YES_ERROR;
				GCC_WARN_UNDECLARED_SELECTOR = YES;
				GCC_WARN_UNINITIALIZED_AUTOS = YES_AGGRESSIVE;
				GCC_WARN_UNUSED_FUNCTION = YES;
				GCC_WARN_UNUSED_VARIABLE = YES;
				IPHONEOS_DEPLOYMENT_TARGET = 10.1;
				MTL_ENABLE_DEBUG_INFO = YES;
				ONLY_ACTIVE_ARCH = YES;
				SDKROOT = iphoneos;
				SWIFT_ACTIVE_COMPILATION_CONDITIONS = DEBUG;
				SWIFT_OPTIMIZATION_LEVEL = "-Onone";
				TARGETED_DEVICE_FAMILY = "1,2";
			};
			name = Debug;
		};
		7F28EF0A1DD10EDE0084410B /* Release */ = {
			isa = XCBuildConfiguration;
			buildSettings = {
				ALWAYS_SEARCH_USER_PATHS = NO;
				CLANG_ANALYZER_NONNULL = YES;
				CLANG_CXX_LANGUAGE_STANDARD = "gnu++0x";
				CLANG_CXX_LIBRARY = "libc++";
				CLANG_ENABLE_MODULES = YES;
				CLANG_ENABLE_OBJC_ARC = YES;
				CLANG_WARN_BOOL_CONVERSION = YES;
				CLANG_WARN_CONSTANT_CONVERSION = YES;
				CLANG_WARN_DIRECT_OBJC_ISA_USAGE = YES_ERROR;
				CLANG_WARN_DOCUMENTATION_COMMENTS = YES;
				CLANG_WARN_EMPTY_BODY = YES;
				CLANG_WARN_ENUM_CONVERSION = YES;
				CLANG_WARN_INFINITE_RECURSION = YES;
				CLANG_WARN_INT_CONVERSION = YES;
				CLANG_WARN_OBJC_ROOT_CLASS = YES_ERROR;
				CLANG_WARN_SUSPICIOUS_MOVE = YES;
				CLANG_WARN_SUSPICIOUS_MOVES = YES;
				CLANG_WARN_UNREACHABLE_CODE = YES;
				CLANG_WARN__DUPLICATE_METHOD_MATCH = YES;
				"CODE_SIGN_IDENTITY[sdk=iphoneos*]" = "iPhone Developer";
				COPY_PHASE_STRIP = NO;
				DEBUG_INFORMATION_FORMAT = "dwarf-with-dsym";
				ENABLE_NS_ASSERTIONS = NO;
				ENABLE_STRICT_OBJC_MSGSEND = YES;
				GCC_C_LANGUAGE_STANDARD = gnu99;
				GCC_NO_COMMON_BLOCKS = YES;
				GCC_WARN_64_TO_32_BIT_CONVERSION = YES;
				GCC_WARN_ABOUT_RETURN_TYPE = YES_ERROR;
				GCC_WARN_UNDECLARED_SELECTOR = YES;
				GCC_WARN_UNINITIALIZED_AUTOS = YES_AGGRESSIVE;
				GCC_WARN_UNUSED_FUNCTION = YES;
				GCC_WARN_UNUSED_VARIABLE = YES;
				IPHONEOS_DEPLOYMENT_TARGET = 10.1;
				MTL_ENABLE_DEBUG_INFO = NO;
				SDKROOT = iphoneos;
				SWIFT_OPTIMIZATION_LEVEL = "-Owholemodule";
				TARGETED_DEVICE_FAMILY = "1,2";
				VALIDATE_PRODUCT = YES;
			};
			name = Release;
		};
		7F28EF0C1DD10EDE0084410B /* Debug */ = {
			isa = XCBuildConfiguration;
			baseConfigurationReference = DEE2BE5F8F8264E6EAC8AD4F /* Pods-FastCart.debug.xcconfig */;
			buildSettings = {
				ALWAYS_EMBED_SWIFT_STANDARD_LIBRARIES = YES;
				ASSETCATALOG_COMPILER_APPICON_NAME = AppIcon;
				CODE_SIGN_ENTITLEMENTS = FastCart/FastCart.entitlements;
				"CODE_SIGN_IDENTITY[sdk=iphoneos*]" = "iPhone Developer";
				DEVELOPMENT_TEAM = J87Z56BB74;
				INFOPLIST_FILE = FastCart/Info.plist;
				LD_RUNPATH_SEARCH_PATHS = "$(inherited) @executable_path/Frameworks";
				PRODUCT_BUNDLE_IDENTIFIER = com.lemonbunny.fastcart;
				PRODUCT_NAME = "$(TARGET_NAME)";
				PROVISIONING_PROFILE = "";
				PROVISIONING_PROFILE_SPECIFIER = "";
				SWIFT_VERSION = 3.0;
				TARGETED_DEVICE_FAMILY = 1;
			};
			name = Debug;
		};
		7F28EF0D1DD10EDE0084410B /* Release */ = {
			isa = XCBuildConfiguration;
			baseConfigurationReference = 1761A94582A6D1D68D3F8141 /* Pods-FastCart.release.xcconfig */;
			buildSettings = {
				ALWAYS_EMBED_SWIFT_STANDARD_LIBRARIES = YES;
				ASSETCATALOG_COMPILER_APPICON_NAME = AppIcon;
				CODE_SIGN_ENTITLEMENTS = FastCart/FastCart.entitlements;
				"CODE_SIGN_IDENTITY[sdk=iphoneos*]" = "iPhone Developer";
				DEVELOPMENT_TEAM = J87Z56BB74;
				INFOPLIST_FILE = FastCart/Info.plist;
				LD_RUNPATH_SEARCH_PATHS = "$(inherited) @executable_path/Frameworks";
				PRODUCT_BUNDLE_IDENTIFIER = com.lemonbunny.fastcart;
				PRODUCT_NAME = "$(TARGET_NAME)";
				PROVISIONING_PROFILE = "";
				PROVISIONING_PROFILE_SPECIFIER = "";
				SWIFT_VERSION = 3.0;
				TARGETED_DEVICE_FAMILY = 1;
			};
			name = Release;
		};
/* End XCBuildConfiguration section */

/* Begin XCConfigurationList section */
		7F28EEF41DD10EDE0084410B /* Build configuration list for PBXProject "FastCart" */ = {
			isa = XCConfigurationList;
			buildConfigurations = (
				7F28EF091DD10EDE0084410B /* Debug */,
				7F28EF0A1DD10EDE0084410B /* Release */,
			);
			defaultConfigurationIsVisible = 0;
			defaultConfigurationName = Debug;
		};
		7F28EF0B1DD10EDE0084410B /* Build configuration list for PBXNativeTarget "FastCart" */ = {
			isa = XCConfigurationList;
			buildConfigurations = (
				7F28EF0C1DD10EDE0084410B /* Debug */,
				7F28EF0D1DD10EDE0084410B /* Release */,
			);
			defaultConfigurationIsVisible = 0;
			defaultConfigurationName = Debug;
		};
/* End XCConfigurationList section */
	};
	rootObject = 7F28EEF11DD10EDE0084410B /* Project object */;
}
